
Microsoft Visual Studio Solution File, Format Version 12.00
# Visual Studio Version 16
VisualStudioVersion = 16.0.30320.27
MinimumVisualStudioVersion = 10.0.40219.1
Project("{FAE04EC0-301F-11D3-BF4B-00C04F79EFBC}") = "KelimeDefDesk", "KelimeDefDesk\KelimeDefDesk.csproj", "{108DFBA2-79E1-4889-A119-D44F295077DA}"
EndProject
Global
	GlobalSection(SolutionConfigurationPlatforms) = preSolution
		Debug|Any CPU = Debug|Any CPU
		Release|Any CPU = Release|Any CPU
	EndGlobalSection
	GlobalSection(ProjectConfigurationPlatforms) = postSolution
		{108DFBA2-79E1-4889-A119-D44F295077DA}.Debug|Any CPU.ActiveCfg = Debug|Any CPU
		{108DFBA2-79E1-4889-A119-D44F295077DA}.Debug|Any CPU.Build.0 = Debug|Any CPU
		{108DFBA2-79E1-4889-A119-D44F295077DA}.Release|Any CPU.ActiveCfg = Release|Any CPU
		{108DFBA2-79E1-4889-A119-D44F295077DA}.Release|Any CPU.Build.0 = Release|Any CPU
	EndGlobalSection
	GlobalSection(SolutionProperties) = preSolution
		HideSolutionNode = FALSE
	EndGlobalSection
	GlobalSection(ExtensibilityGlobals) = postSolution
		SolutionGuid = {843F194D-D7EC-4C2B-AB2E-3A7180B0C932}
	EndGlobalSection
EndGlobal
